
Microsoft Visual Studio Solution File, Format Version 12.00
# Visual Studio Version 16
VisualStudioVersion = 16.0.30225.117
MinimumVisualStudioVersion = 10.0.40219.1
Project("{9A19103F-16F7-4668-BE54-9A1E7A4F7556}") = "Pojjaman2_EncryptionFile", "Pojjaman2_EncryptionFile.csproj", "{B34A8542-9C4B-48EF-B356-847CF5C9737D}"
EndProject
Global
	GlobalSection(SolutionConfigurationPlatforms) = preSolution
		Debug|Any CPU = Debug|Any CPU
		Release|Any CPU = Release|Any CPU
	EndGlobalSection
	GlobalSection(ProjectConfigurationPlatforms) = postSolution
		{B34A8542-9C4B-48EF-B356-847CF5C9737D}.Debug|Any CPU.ActiveCfg = Debug|Any CPU
		{B34A8542-9C4B-48EF-B356-847CF5C9737D}.Debug|Any CPU.Build.0 = Debug|Any CPU
		{B34A8542-9C4B-48EF-B356-847CF5C9737D}.Release|Any CPU.ActiveCfg = Release|Any CPU
		{B34A8542-9C4B-48EF-B356-847CF5C9737D}.Release|Any CPU.Build.0 = Release|Any CPU
	EndGlobalSection
	GlobalSection(SolutionProperties) = preSolution
		HideSolutionNode = FALSE
	EndGlobalSection
	GlobalSection(ExtensibilityGlobals) = postSolution
		SolutionGuid = {94C5BABF-D4E1-4588-835B-9E82392036E3}
	EndGlobalSection
EndGlobal
